
Microsoft Visual Studio Solution File, Format Version 12.00
# Visual Studio 15
VisualStudioVersion = 15.0.26124.0
MinimumVisualStudioVersion = 15.0.26124.0
Project("{FAE04EC0-301F-11D3-BF4B-00C04F79EFBC}") = "Web", "Web\Web.csproj", "{685F0F37-7C73-40FE-8140-8253F1EA2123}"
EndProject
Project("{FAE04EC0-301F-11D3-BF4B-00C04F79EFBC}") = "NaturaData", "NaturaData\NaturaData.csproj", "{FAC02CC5-5B86-4F20-A1A5-C6D8F871F725}"
EndProject
Project("{FAE04EC0-301F-11D3-BF4B-00C04F79EFBC}") = "NaturaDomain", "NaturaDomain\NaturaDomain.csproj", "{1571E058-2EEA-41E3-A187-4D63A5D49E91}"
EndProject
Global
	GlobalSection(SolutionConfigurationPlatforms) = preSolution
		Debug|Any CPU = Debug|Any CPU
		Debug|x64 = Debug|x64
		Debug|x86 = Debug|x86
		Release|Any CPU = Release|Any CPU
		Release|x64 = Release|x64
		Release|x86 = Release|x86
	EndGlobalSection
	GlobalSection(SolutionProperties) = preSolution
		HideSolutionNode = FALSE
	EndGlobalSection
	GlobalSection(ProjectConfigurationPlatforms) = postSolution
		{685F0F37-7C73-40FE-8140-8253F1EA2123}.Debug|Any CPU.ActiveCfg = Debug|Any CPU
		{685F0F37-7C73-40FE-8140-8253F1EA2123}.Debug|Any CPU.Build.0 = Debug|Any CPU
		{685F0F37-7C73-40FE-8140-8253F1EA2123}.Debug|x64.ActiveCfg = Debug|Any CPU
		{685F0F37-7C73-40FE-8140-8253F1EA2123}.Debug|x64.Build.0 = Debug|Any CPU
		{685F0F37-7C73-40FE-8140-8253F1EA2123}.Debug|x86.ActiveCfg = Debug|Any CPU
		{685F0F37-7C73-40FE-8140-8253F1EA2123}.Debug|x86.Build.0 = Debug|Any CPU
		{685F0F37-7C73-40FE-8140-8253F1EA2123}.Release|Any CPU.ActiveCfg = Release|Any CPU
		{685F0F37-7C73-40FE-8140-8253F1EA2123}.Release|Any CPU.Build.0 = Release|Any CPU
		{685F0F37-7C73-40FE-8140-8253F1EA2123}.Release|x64.ActiveCfg = Release|Any CPU
		{685F0F37-7C73-40FE-8140-8253F1EA2123}.Release|x64.Build.0 = Release|Any CPU
		{685F0F37-7C73-40FE-8140-8253F1EA2123}.Release|x86.ActiveCfg = Release|Any CPU
		{685F0F37-7C73-40FE-8140-8253F1EA2123}.Release|x86.Build.0 = Release|Any CPU
		{FAC02CC5-5B86-4F20-A1A5-C6D8F871F725}.Debug|Any CPU.ActiveCfg = Debug|Any CPU
		{FAC02CC5-5B86-4F20-A1A5-C6D8F871F725}.Debug|Any CPU.Build.0 = Debug|Any CPU
		{FAC02CC5-5B86-4F20-A1A5-C6D8F871F725}.Debug|x64.ActiveCfg = Debug|Any CPU
		{FAC02CC5-5B86-4F20-A1A5-C6D8F871F725}.Debug|x64.Build.0 = Debug|Any CPU
		{FAC02CC5-5B86-4F20-A1A5-C6D8F871F725}.Debug|x86.ActiveCfg = Debug|Any CPU
		{FAC02CC5-5B86-4F20-A1A5-C6D8F871F725}.Debug|x86.Build.0 = Debug|Any CPU
		{FAC02CC5-5B86-4F20-A1A5-C6D8F871F725}.Release|Any CPU.ActiveCfg = Release|Any CPU
		{FAC02CC5-5B86-4F20-A1A5-C6D8F871F725}.Release|Any CPU.Build.0 = Release|Any CPU
		{FAC02CC5-5B86-4F20-A1A5-C6D8F871F725}.Release|x64.ActiveCfg = Release|Any CPU
		{FAC02CC5-5B86-4F20-A1A5-C6D8F871F725}.Release|x64.Build.0 = Release|Any CPU
		{FAC02CC5-5B86-4F20-A1A5-C6D8F871F725}.Release|x86.ActiveCfg = Release|Any CPU
		{FAC02CC5-5B86-4F20-A1A5-C6D8F871F725}.Release|x86.Build.0 = Release|Any CPU
		{1571E058-2EEA-41E3-A187-4D63A5D49E91}.Debug|Any CPU.ActiveCfg = Debug|Any CPU
		{1571E058-2EEA-41E3-A187-4D63A5D49E91}.Debug|Any CPU.Build.0 = Debug|Any CPU
		{1571E058-2EEA-41E3-A187-4D63A5D49E91}.Debug|x64.ActiveCfg = Debug|Any CPU
		{1571E058-2EEA-41E3-A187-4D63A5D49E91}.Debug|x64.Build.0 = Debug|Any CPU
		{1571E058-2EEA-41E3-A187-4D63A5D49E91}.Debug|x86.ActiveCfg = Debug|Any CPU
		{1571E058-2EEA-41E3-A187-4D63A5D49E91}.Debug|x86.Build.0 = Debug|Any CPU
		{1571E058-2EEA-41E3-A187-4D63A5D49E91}.Release|Any CPU.ActiveCfg = Release|Any CPU
		{1571E058-2EEA-41E3-A187-4D63A5D49E91}.Release|Any CPU.Build.0 = Release|Any CPU
		{1571E058-2EEA-41E3-A187-4D63A5D49E91}.Release|x64.ActiveCfg = Release|Any CPU
		{1571E058-2EEA-41E3-A187-4D63A5D49E91}.Release|x64.Build.0 = Release|Any CPU
		{1571E058-2EEA-41E3-A187-4D63A5D49E91}.Release|x86.ActiveCfg = Release|Any CPU
		{1571E058-2EEA-41E3-A187-4D63A5D49E91}.Release|x86.Build.0 = Release|Any CPU
	EndGlobalSection
EndGlobal
